
Microsoft Visual Studio Solution File, Format Version 12.00
# Visual Studio Version 16
VisualStudioVersion = 16.0.32106.194
MinimumVisualStudioVersion = 10.0.40219.1
Project("{9A19103F-16F7-4668-BE54-9A1E7A4F7556}") = "NetCoreBrokenAkkaSerialization", "NetCoreBrokenAkkaSerialization\NetCoreBrokenAkkaSerialization.csproj", "{29C14996-2B02-4651-8D16-EC30DFD18184}"
EndProject
Project("{FAE04EC0-301F-11D3-BF4B-00C04F79EFBC}") = "NetFxBrokenAkkaSerialization", "NetFxBrokenAkkaSerialization\NetFxBrokenAkkaSerialization.csproj", "{B1BF3260-ADAE-44E1-8EDC-AB1CACD11C20}"
EndProject
Project("{2150E333-8FDC-42A3-9474-1A3956D46DE8}") = "Solution Items", "Solution Items", "{E91F5D31-91B7-4B4E-A640-EC7547ADC538}"
	ProjectSection(SolutionItems) = preProject
		.editorconfig = .editorconfig
		.gitignore = .gitignore
	EndProjectSection
EndProject
Global
	GlobalSection(SolutionConfigurationPlatforms) = preSolution
		Debug|Any CPU = Debug|Any CPU
		Release|Any CPU = Release|Any CPU
	EndGlobalSection
	GlobalSection(ProjectConfigurationPlatforms) = postSolution
		{29C14996-2B02-4651-8D16-EC30DFD18184}.Debug|Any CPU.ActiveCfg = Debug|Any CPU
		{29C14996-2B02-4651-8D16-EC30DFD18184}.Debug|Any CPU.Build.0 = Debug|Any CPU
		{29C14996-2B02-4651-8D16-EC30DFD18184}.Release|Any CPU.ActiveCfg = Release|Any CPU
		{29C14996-2B02-4651-8D16-EC30DFD18184}.Release|Any CPU.Build.0 = Release|Any CPU
		{B1BF3260-ADAE-44E1-8EDC-AB1CACD11C20}.Debug|Any CPU.ActiveCfg = Debug|Any CPU
		{B1BF3260-ADAE-44E1-8EDC-AB1CACD11C20}.Debug|Any CPU.Build.0 = Debug|Any CPU
		{B1BF3260-ADAE-44E1-8EDC-AB1CACD11C20}.Release|Any CPU.ActiveCfg = Release|Any CPU
		{B1BF3260-ADAE-44E1-8EDC-AB1CACD11C20}.Release|Any CPU.Build.0 = Release|Any CPU
	EndGlobalSection
	GlobalSection(SolutionProperties) = preSolution
		HideSolutionNode = FALSE
	EndGlobalSection
	GlobalSection(ExtensibilityGlobals) = postSolution
		SolutionGuid = {F843D088-CF6C-4F31-B1A3-BF5ADB6D6DBA}
	EndGlobalSection
EndGlobal
